# This file is automatically @generated by Cargo.
# It is not intended for manual editing.
version = 4

[[package]]
name = "ai-director-core"
version = "0.1.0"

[[package]]
name = "ballistics-overhaul"
version = "0.1.0"

[[package]]
name = "colony-needs-sim"
version = "0.1.0"

[[package]]
name = "dynamic-quest-graph"
version = "0.1.0"

[[package]]
name = "encounter-procgen"
version = "0.1.0"

[[package]]
name = "faction-reputation"
version = "0.1.0"

[[package]]
name = "forging-crafting-plus"
version = "0.1.0"

[[package]]
name = "graphics-postfx-stack"
version = "0.1.0"

[[package]]
name = "havok-style-ragdoll-bridge"
version = "0.1.0"

[[package]]
name = "inventory-tetris-system"
version = "0.1.0"

[[package]]
name = "loot-affix-roller"
version = "0.1.0"

[[package]]
name = "mod-hotload-runtime"
version = "0.1.0"

[[package]]
name = "network-prediction-rs"
version = "0.1.0"

[[package]]
name = "open-world-streamer"
version = "0.1.0"

[[package]]
name = "parkour-movement-kit"
version = "0.1.0"

[[package]]
name = "physics-destruction-lite"
version = "0.1.0"

[[package]]
name = "quest-cinematics-rs"
version = "0.1.0"

[[package]]
name = "rust-combat-primitives"
version = "0.1.0"

[[package]]
name = "shader-material-pipeline"
version = "0.1.0"

[[package]]
name = "survival-weather-sim"
version = "0.1.0"
